
Microsoft Visual Studio Solution File, Format Version 12.00
# Visual Studio Version 16
VisualStudioVersion = 16.0.28803.156
MinimumVisualStudioVersion = 10.0.40219.1
Project("{FAE04EC0-301F-11D3-BF4B-00C04F79EFBC}") = "EstimateManager", "EstimateManager\EstimateManager.csproj", "{4514A075-8932-448C-853B-DDBD5BD52D29}"
EndProject
Global
	GlobalSection(SolutionConfigurationPlatforms) = preSolution
		Debug|Any CPU = Debug|Any CPU
		Release|Any CPU = Release|Any CPU
	EndGlobalSection
	GlobalSection(ProjectConfigurationPlatforms) = postSolution
		{4514A075-8932-448C-853B-DDBD5BD52D29}.Debug|Any CPU.ActiveCfg = Debug|Any CPU
		{4514A075-8932-448C-853B-DDBD5BD52D29}.Debug|Any CPU.Build.0 = Debug|Any CPU
		{4514A075-8932-448C-853B-DDBD5BD52D29}.Release|Any CPU.ActiveCfg = Release|Any CPU
		{4514A075-8932-448C-853B-DDBD5BD52D29}.Release|Any CPU.Build.0 = Release|Any CPU
	EndGlobalSection
	GlobalSection(SolutionProperties) = preSolution
		HideSolutionNode = FALSE
	EndGlobalSection
	GlobalSection(ExtensibilityGlobals) = postSolution
		SolutionGuid = {7D8B4EEE-14F2-4FFD-9F10-81E96CD95A22}
	EndGlobalSection
EndGlobal
